
Microsoft Visual Studio Solution File, Format Version 12.00
Project("{FAE04EC0-301F-11D3-BF4B-00C04F79EFBC}") = "Delegate01", "Delegate01\Delegate01.csproj", "{03B8A4CF-2419-441B-BC9E-D5908CF23E95}"
EndProject
Project("{FAE04EC0-301F-11D3-BF4B-00C04F79EFBC}") = "Delegate02", "Delegate02\Delegate02.csproj", "{403A0960-3A84-44B2-A132-135B0BDDB75C}"
EndProject
Project("{FAE04EC0-301F-11D3-BF4B-00C04F79EFBC}") = "Delegate03_Callback", "Delegate03_Callback\Delegate03_Callback.csproj", "{E9BED02D-E17B-4D3F-918C-BFCFF8A11E95}"
EndProject
Project("{FAE04EC0-301F-11D3-BF4B-00C04F79EFBC}") = "Delegate04_432p", "Delegate04_432p\Delegate04_432p.csproj", "{518805A6-BC5F-49ED-88D8-390EC80A1440}"
EndProject
Project("{FAE04EC0-301F-11D3-BF4B-00C04F79EFBC}") = "Delegate05_Generic", "Delegate05_Generic\Delegate05_Generic.csproj", "{6453B3D8-F8DB-4AD7-94EF-878917A5AF8D}"
EndProject
Project("{FAE04EC0-301F-11D3-BF4B-00C04F79EFBC}") = "Delegate06_Chain", "Delegate06_Chain\Delegate06_Chain.csproj", "{6EBF4828-125F-4300-AD22-B38BEC654319}"
EndProject
Project("{FAE04EC0-301F-11D3-BF4B-00C04F79EFBC}") = "Delegate07_Chain", "Delegate07_Chain\Delegate07_Chain.csproj", "{D8734521-8493-4D65-AFAA-E72F728E658F}"
EndProject
Project("{FAE04EC0-301F-11D3-BF4B-00C04F79EFBC}") = "Delegate08_AnonymousMethod", "Delegate08_AnonymousMethod\Delegate08_AnonymousMethod.csproj", "{E31E1285-5682-494D-9CEE-B8E1705B22D1}"
EndProject
Project("{FAE04EC0-301F-11D3-BF4B-00C04F79EFBC}") = "Delegate09_AnonymousMethod", "Delegate09_AnonymousMethod\Delegate09_AnonymousMethod.csproj", "{FB72071B-EE2D-4901-B191-60F39D74E62A}"
EndProject
Project("{FAE04EC0-301F-11D3-BF4B-00C04F79EFBC}") = "DelegateTest01", "DelegateTest01\DelegateTest01.csproj", "{09F26ABE-C5F0-4150-AE93-F2B78412E2B6}"
EndProject
Project("{FAE04EC0-301F-11D3-BF4B-00C04F79EFBC}") = "DelegateTest02", "DelegateTest02\DelegateTest02.csproj", "{56821C04-BD7B-4B47-B3FC-C1F8722025FA}"
EndProject
Global
	GlobalSection(SolutionConfigurationPlatforms) = preSolution
		Debug|Any CPU = Debug|Any CPU
		Release|Any CPU = Release|Any CPU
	EndGlobalSection
	GlobalSection(ProjectConfigurationPlatforms) = postSolution
		{03B8A4CF-2419-441B-BC9E-D5908CF23E95}.Debug|Any CPU.ActiveCfg = Debug|Any CPU
		{03B8A4CF-2419-441B-BC9E-D5908CF23E95}.Debug|Any CPU.Build.0 = Debug|Any CPU
		{03B8A4CF-2419-441B-BC9E-D5908CF23E95}.Release|Any CPU.ActiveCfg = Release|Any CPU
		{03B8A4CF-2419-441B-BC9E-D5908CF23E95}.Release|Any CPU.Build.0 = Release|Any CPU
		{403A0960-3A84-44B2-A132-135B0BDDB75C}.Debug|Any CPU.ActiveCfg = Debug|Any CPU
		{403A0960-3A84-44B2-A132-135B0BDDB75C}.Debug|Any CPU.Build.0 = Debug|Any CPU
		{403A0960-3A84-44B2-A132-135B0BDDB75C}.Release|Any CPU.ActiveCfg = Release|Any CPU
		{403A0960-3A84-44B2-A132-135B0BDDB75C}.Release|Any CPU.Build.0 = Release|Any CPU
		{E9BED02D-E17B-4D3F-918C-BFCFF8A11E95}.Debug|Any CPU.ActiveCfg = Debug|Any CPU
		{E9BED02D-E17B-4D3F-918C-BFCFF8A11E95}.Debug|Any CPU.Build.0 = Debug|Any CPU
		{E9BED02D-E17B-4D3F-918C-BFCFF8A11E95}.Release|Any CPU.ActiveCfg = Release|Any CPU
		{E9BED02D-E17B-4D3F-918C-BFCFF8A11E95}.Release|Any CPU.Build.0 = Release|Any CPU
		{518805A6-BC5F-49ED-88D8-390EC80A1440}.Debug|Any CPU.ActiveCfg = Debug|Any CPU
		{518805A6-BC5F-49ED-88D8-390EC80A1440}.Debug|Any CPU.Build.0 = Debug|Any CPU
		{518805A6-BC5F-49ED-88D8-390EC80A1440}.Release|Any CPU.ActiveCfg = Release|Any CPU
		{518805A6-BC5F-49ED-88D8-390EC80A1440}.Release|Any CPU.Build.0 = Release|Any CPU
		{6453B3D8-F8DB-4AD7-94EF-878917A5AF8D}.Debug|Any CPU.ActiveCfg = Debug|Any CPU
		{6453B3D8-F8DB-4AD7-94EF-878917A5AF8D}.Debug|Any CPU.Build.0 = Debug|Any CPU
		{6453B3D8-F8DB-4AD7-94EF-878917A5AF8D}.Release|Any CPU.ActiveCfg = Release|Any CPU
		{6453B3D8-F8DB-4AD7-94EF-878917A5AF8D}.Release|Any CPU.Build.0 = Release|Any CPU
		{6EBF4828-125F-4300-AD22-B38BEC654319}.Debug|Any CPU.ActiveCfg = Debug|Any CPU
		{6EBF4828-125F-4300-AD22-B38BEC654319}.Debug|Any CPU.Build.0 = Debug|Any CPU
		{6EBF4828-125F-4300-AD22-B38BEC654319}.Release|Any CPU.ActiveCfg = Release|Any CPU
		{6EBF4828-125F-4300-AD22-B38BEC654319}.Release|Any CPU.Build.0 = Release|Any CPU
		{D8734521-8493-4D65-AFAA-E72F728E658F}.Debug|Any CPU.ActiveCfg = Debug|Any CPU
		{D8734521-8493-4D65-AFAA-E72F728E658F}.Debug|Any CPU.Build.0 = Debug|Any CPU
		{D8734521-8493-4D65-AFAA-E72F728E658F}.Release|Any CPU.ActiveCfg = Release|Any CPU
		{D8734521-8493-4D65-AFAA-E72F728E658F}.Release|Any CPU.Build.0 = Release|Any CPU
		{E31E1285-5682-494D-9CEE-B8E1705B22D1}.Debug|Any CPU.ActiveCfg = Debug|Any CPU
		{E31E1285-5682-494D-9CEE-B8E1705B22D1}.Debug|Any CPU.Build.0 = Debug|Any CPU
		{E31E1285-5682-494D-9CEE-B8E1705B22D1}.Release|Any CPU.ActiveCfg = Release|Any CPU
		{E31E1285-5682-494D-9CEE-B8E1705B22D1}.Release|Any CPU.Build.0 = Release|Any CPU
		{FB72071B-EE2D-4901-B191-60F39D74E62A}.Debug|Any CPU.ActiveCfg = Debug|Any CPU
		{FB72071B-EE2D-4901-B191-60F39D74E62A}.Debug|Any CPU.Build.0 = Debug|Any CPU
		{FB72071B-EE2D-4901-B191-60F39D74E62A}.Release|Any CPU.ActiveCfg = Release|Any CPU
		{FB72071B-EE2D-4901-B191-60F39D74E62A}.Release|Any CPU.Build.0 = Release|Any CPU
		{09F26ABE-C5F0-4150-AE93-F2B78412E2B6}.Debug|Any CPU.ActiveCfg = Debug|Any CPU
		{09F26ABE-C5F0-4150-AE93-F2B78412E2B6}.Debug|Any CPU.Build.0 = Debug|Any CPU
		{09F26ABE-C5F0-4150-AE93-F2B78412E2B6}.Release|Any CPU.ActiveCfg = Release|Any CPU
		{09F26ABE-C5F0-4150-AE93-F2B78412E2B6}.Release|Any CPU.Build.0 = Release|Any CPU
		{56821C04-BD7B-4B47-B3FC-C1F8722025FA}.Debug|Any CPU.ActiveCfg = Debug|Any CPU
		{56821C04-BD7B-4B47-B3FC-C1F8722025FA}.Debug|Any CPU.Build.0 = Debug|Any CPU
		{56821C04-BD7B-4B47-B3FC-C1F8722025FA}.Release|Any CPU.ActiveCfg = Release|Any CPU
		{56821C04-BD7B-4B47-B3FC-C1F8722025FA}.Release|Any CPU.Build.0 = Release|Any CPU
	EndGlobalSection
EndGlobal
