
Microsoft Visual Studio Solution File, Format Version 12.00
Project("{FAE04EC0-301F-11D3-BF4B-00C04F79EFBC}") = "Method01", "Method01\Method01.csproj", "{BF97FDD4-F01B-47FA-B50E-E47366A77F85}"
EndProject
Project("{FAE04EC0-301F-11D3-BF4B-00C04F79EFBC}") = "Method02", "Method02\Method02.csproj", "{CD4BD2CF-D410-4AA7-BB34-E0B57FB55B2A}"
EndProject
Project("{FAE04EC0-301F-11D3-BF4B-00C04F79EFBC}") = "MethodTest", "MethodTest\MethodTest.csproj", "{81704C9E-EE64-41CF-A560-CFE9E656C7FD}"
EndProject
Project("{FAE04EC0-301F-11D3-BF4B-00C04F79EFBC}") = "MethodTest02", "MethodTest02\MethodTest02.csproj", "{7E44D364-DF33-4AB1-A87E-4A79DFF9AEFB}"
EndProject
Project("{FAE04EC0-301F-11D3-BF4B-00C04F79EFBC}") = "MethodTest03", "MethodTest03\MethodTest03.csproj", "{4FBD693A-6DB4-4FC9-854E-D849735C0D02}"
EndProject
Project("{FAE04EC0-301F-11D3-BF4B-00C04F79EFBC}") = "Method03", "Method03\Method03.csproj", "{78FBD547-2264-43CB-B762-CD5078C5BE4A}"
EndProject
Global
	GlobalSection(SolutionConfigurationPlatforms) = preSolution
		Debug|Any CPU = Debug|Any CPU
		Release|Any CPU = Release|Any CPU
	EndGlobalSection
	GlobalSection(ProjectConfigurationPlatforms) = postSolution
		{BF97FDD4-F01B-47FA-B50E-E47366A77F85}.Debug|Any CPU.ActiveCfg = Debug|Any CPU
		{BF97FDD4-F01B-47FA-B50E-E47366A77F85}.Debug|Any CPU.Build.0 = Debug|Any CPU
		{BF97FDD4-F01B-47FA-B50E-E47366A77F85}.Release|Any CPU.ActiveCfg = Release|Any CPU
		{BF97FDD4-F01B-47FA-B50E-E47366A77F85}.Release|Any CPU.Build.0 = Release|Any CPU
		{CD4BD2CF-D410-4AA7-BB34-E0B57FB55B2A}.Debug|Any CPU.ActiveCfg = Debug|Any CPU
		{CD4BD2CF-D410-4AA7-BB34-E0B57FB55B2A}.Debug|Any CPU.Build.0 = Debug|Any CPU
		{CD4BD2CF-D410-4AA7-BB34-E0B57FB55B2A}.Release|Any CPU.ActiveCfg = Release|Any CPU
		{CD4BD2CF-D410-4AA7-BB34-E0B57FB55B2A}.Release|Any CPU.Build.0 = Release|Any CPU
		{81704C9E-EE64-41CF-A560-CFE9E656C7FD}.Debug|Any CPU.ActiveCfg = Debug|Any CPU
		{81704C9E-EE64-41CF-A560-CFE9E656C7FD}.Debug|Any CPU.Build.0 = Debug|Any CPU
		{81704C9E-EE64-41CF-A560-CFE9E656C7FD}.Release|Any CPU.ActiveCfg = Release|Any CPU
		{81704C9E-EE64-41CF-A560-CFE9E656C7FD}.Release|Any CPU.Build.0 = Release|Any CPU
		{7E44D364-DF33-4AB1-A87E-4A79DFF9AEFB}.Debug|Any CPU.ActiveCfg = Debug|Any CPU
		{7E44D364-DF33-4AB1-A87E-4A79DFF9AEFB}.Debug|Any CPU.Build.0 = Debug|Any CPU
		{7E44D364-DF33-4AB1-A87E-4A79DFF9AEFB}.Release|Any CPU.ActiveCfg = Release|Any CPU
		{7E44D364-DF33-4AB1-A87E-4A79DFF9AEFB}.Release|Any CPU.Build.0 = Release|Any CPU
		{4FBD693A-6DB4-4FC9-854E-D849735C0D02}.Debug|Any CPU.ActiveCfg = Debug|Any CPU
		{4FBD693A-6DB4-4FC9-854E-D849735C0D02}.Debug|Any CPU.Build.0 = Debug|Any CPU
		{4FBD693A-6DB4-4FC9-854E-D849735C0D02}.Release|Any CPU.ActiveCfg = Release|Any CPU
		{4FBD693A-6DB4-4FC9-854E-D849735C0D02}.Release|Any CPU.Build.0 = Release|Any CPU
		{78FBD547-2264-43CB-B762-CD5078C5BE4A}.Debug|Any CPU.ActiveCfg = Debug|Any CPU
		{78FBD547-2264-43CB-B762-CD5078C5BE4A}.Debug|Any CPU.Build.0 = Debug|Any CPU
		{78FBD547-2264-43CB-B762-CD5078C5BE4A}.Release|Any CPU.ActiveCfg = Release|Any CPU
		{78FBD547-2264-43CB-B762-CD5078C5BE4A}.Release|Any CPU.Build.0 = Release|Any CPU
	EndGlobalSection
EndGlobal
