
Microsoft Visual Studio Solution File, Format Version 12.00
Project("{FAE04EC0-301F-11D3-BF4B-00C04F79EFBC}") = "Class01", "Class01\Class01.csproj", "{B2F23363-F237-4074-A17F-960B7F0866FB}"
EndProject
Project("{FAE04EC0-301F-11D3-BF4B-00C04F79EFBC}") = "Class02_Static", "Class02_Static\Class02_Static.csproj", "{0A079A52-63FB-413B-AEE7-8FCF49B4A608}"
EndProject
Project("{FAE04EC0-301F-11D3-BF4B-00C04F79EFBC}") = "Class03_DeepCopy", "Class03_DeepCopy\Class03_DeepCopy.csproj", "{9C46C7AA-A217-45CF-9D82-7CC4E7F91A71}"
EndProject
Project("{FAE04EC0-301F-11D3-BF4B-00C04F79EFBC}") = "Class04_ThisConstructor", "Class04_ThisConstructor\Class04_ThisConstructor.csproj", "{9AC1C0C0-67DC-4572-BB33-14E31A534158}"
EndProject
Project("{FAE04EC0-301F-11D3-BF4B-00C04F79EFBC}") = "Class05_AccessModifier", "Class05_AccessModifier\Class05_AccessModifier.csproj", "{3EDE560C-E374-4456-8E3C-88823A18B78C}"
EndProject
Project("{FAE04EC0-301F-11D3-BF4B-00C04F79EFBC}") = "Class05_AccessModifier02", "Class05_AccessModifier02\Class05_AccessModifier02.csproj", "{173BFCEF-C6DF-48C5-B8B4-8C11B2245FB9}"
EndProject
Project("{FAE04EC0-301F-11D3-BF4B-00C04F79EFBC}") = "Class06_Inheritance", "Class06_Inheritance\Class06_Inheritance.csproj", "{35F82461-66A3-4D56-AA60-1F5955387EBC}"
EndProject
Project("{FAE04EC0-301F-11D3-BF4B-00C04F79EFBC}") = "Class07_IsAs", "Class07_IsAs\Class07_IsAs.csproj", "{10F0EFF6-6E1A-40F5-8128-25407563309C}"
EndProject
Project("{FAE04EC0-301F-11D3-BF4B-00C04F79EFBC}") = "Class08_Polymorphism", "Class08_Polymorphism\Class08_Polymorphism.csproj", "{2D109A47-000B-4128-94C0-2F450C7278EC}"
EndProject
Project("{FAE04EC0-301F-11D3-BF4B-00C04F79EFBC}") = "Class09_NestedClass", "Class09_NestedClass\Class09_NestedClass.csproj", "{8283BF1F-8CB2-4627-B51D-ED7C8C067301}"
EndProject
Project("{FAE04EC0-301F-11D3-BF4B-00C04F79EFBC}") = "Class10_Struct", "Class10_Struct\Class10_Struct.csproj", "{C6E7844D-D64B-4B36-BE17-2B419A48D42B}"
EndProject
Project("{FAE04EC0-301F-11D3-BF4B-00C04F79EFBC}") = "Class11_Tuple", "Class11_Tuple\Class11_Tuple.csproj", "{25C26B95-543E-469F-9436-C19746BD1839}"
EndProject
Project("{FAE04EC0-301F-11D3-BF4B-00C04F79EFBC}") = "ClassTest01", "ClassTest01\ClassTest01.csproj", "{6CCD2181-A48D-4202-899C-9E11B1E09462}"
EndProject
Project("{FAE04EC0-301F-11D3-BF4B-00C04F79EFBC}") = "ClassTest02", "ClassTest02\ClassTest02.csproj", "{1DE5966F-0165-4A65-A5CD-9873E5E9BB40}"
EndProject
Project("{FAE04EC0-301F-11D3-BF4B-00C04F79EFBC}") = "ClassTest03", "ClassTest03\ClassTest03.csproj", "{29E2D70E-1066-4F2E-83AD-9336C5E74B39}"
EndProject
Project("{FAE04EC0-301F-11D3-BF4B-00C04F79EFBC}") = "ClassTest04", "ClassTest04\ClassTest04.csproj", "{8CD456E0-F1D0-484A-B324-F0C0ED0E3E82}"
EndProject
Project("{FAE04EC0-301F-11D3-BF4B-00C04F79EFBC}") = "ClassTest05", "ClassTest05\ClassTest05.csproj", "{39A828F1-7B43-488B-9777-9430AD8E46D6}"
EndProject
Project("{FAE04EC0-301F-11D3-BF4B-00C04F79EFBC}") = "ClassTest06", "ClassTest06\ClassTest06.csproj", "{CBFC2EB4-977E-4DE0-9200-4194BCD10247}"
EndProject
Project("{FAE04EC0-301F-11D3-BF4B-00C04F79EFBC}") = "ClassTest07", "ClassTest07\ClassTest07.csproj", "{B4AE6284-84BE-4684-8747-3B64B8457416}"
EndProject
Project("{FAE04EC0-301F-11D3-BF4B-00C04F79EFBC}") = "ClassTest08", "ClassTest08\ClassTest08.csproj", "{1AD55C77-88A8-4D6C-A28C-658D01DA1843}"
EndProject
Global
	GlobalSection(SolutionConfigurationPlatforms) = preSolution
		Debug|Any CPU = Debug|Any CPU
		Release|Any CPU = Release|Any CPU
	EndGlobalSection
	GlobalSection(ProjectConfigurationPlatforms) = postSolution
		{B2F23363-F237-4074-A17F-960B7F0866FB}.Debug|Any CPU.ActiveCfg = Debug|Any CPU
		{B2F23363-F237-4074-A17F-960B7F0866FB}.Debug|Any CPU.Build.0 = Debug|Any CPU
		{B2F23363-F237-4074-A17F-960B7F0866FB}.Release|Any CPU.ActiveCfg = Release|Any CPU
		{B2F23363-F237-4074-A17F-960B7F0866FB}.Release|Any CPU.Build.0 = Release|Any CPU
		{0A079A52-63FB-413B-AEE7-8FCF49B4A608}.Debug|Any CPU.ActiveCfg = Debug|Any CPU
		{0A079A52-63FB-413B-AEE7-8FCF49B4A608}.Debug|Any CPU.Build.0 = Debug|Any CPU
		{0A079A52-63FB-413B-AEE7-8FCF49B4A608}.Release|Any CPU.ActiveCfg = Release|Any CPU
		{0A079A52-63FB-413B-AEE7-8FCF49B4A608}.Release|Any CPU.Build.0 = Release|Any CPU
		{9C46C7AA-A217-45CF-9D82-7CC4E7F91A71}.Debug|Any CPU.ActiveCfg = Debug|Any CPU
		{9C46C7AA-A217-45CF-9D82-7CC4E7F91A71}.Debug|Any CPU.Build.0 = Debug|Any CPU
		{9C46C7AA-A217-45CF-9D82-7CC4E7F91A71}.Release|Any CPU.ActiveCfg = Release|Any CPU
		{9C46C7AA-A217-45CF-9D82-7CC4E7F91A71}.Release|Any CPU.Build.0 = Release|Any CPU
		{9AC1C0C0-67DC-4572-BB33-14E31A534158}.Debug|Any CPU.ActiveCfg = Debug|Any CPU
		{9AC1C0C0-67DC-4572-BB33-14E31A534158}.Debug|Any CPU.Build.0 = Debug|Any CPU
		{9AC1C0C0-67DC-4572-BB33-14E31A534158}.Release|Any CPU.ActiveCfg = Release|Any CPU
		{9AC1C0C0-67DC-4572-BB33-14E31A534158}.Release|Any CPU.Build.0 = Release|Any CPU
		{3EDE560C-E374-4456-8E3C-88823A18B78C}.Debug|Any CPU.ActiveCfg = Debug|Any CPU
		{3EDE560C-E374-4456-8E3C-88823A18B78C}.Debug|Any CPU.Build.0 = Debug|Any CPU
		{3EDE560C-E374-4456-8E3C-88823A18B78C}.Release|Any CPU.ActiveCfg = Release|Any CPU
		{3EDE560C-E374-4456-8E3C-88823A18B78C}.Release|Any CPU.Build.0 = Release|Any CPU
		{173BFCEF-C6DF-48C5-B8B4-8C11B2245FB9}.Debug|Any CPU.ActiveCfg = Debug|Any CPU
		{173BFCEF-C6DF-48C5-B8B4-8C11B2245FB9}.Debug|Any CPU.Build.0 = Debug|Any CPU
		{173BFCEF-C6DF-48C5-B8B4-8C11B2245FB9}.Release|Any CPU.ActiveCfg = Release|Any CPU
		{173BFCEF-C6DF-48C5-B8B4-8C11B2245FB9}.Release|Any CPU.Build.0 = Release|Any CPU
		{35F82461-66A3-4D56-AA60-1F5955387EBC}.Debug|Any CPU.ActiveCfg = Debug|Any CPU
		{35F82461-66A3-4D56-AA60-1F5955387EBC}.Debug|Any CPU.Build.0 = Debug|Any CPU
		{35F82461-66A3-4D56-AA60-1F5955387EBC}.Release|Any CPU.ActiveCfg = Release|Any CPU
		{35F82461-66A3-4D56-AA60-1F5955387EBC}.Release|Any CPU.Build.0 = Release|Any CPU
		{10F0EFF6-6E1A-40F5-8128-25407563309C}.Debug|Any CPU.ActiveCfg = Debug|Any CPU
		{10F0EFF6-6E1A-40F5-8128-25407563309C}.Debug|Any CPU.Build.0 = Debug|Any CPU
		{10F0EFF6-6E1A-40F5-8128-25407563309C}.Release|Any CPU.ActiveCfg = Release|Any CPU
		{10F0EFF6-6E1A-40F5-8128-25407563309C}.Release|Any CPU.Build.0 = Release|Any CPU
		{2D109A47-000B-4128-94C0-2F450C7278EC}.Debug|Any CPU.ActiveCfg = Debug|Any CPU
		{2D109A47-000B-4128-94C0-2F450C7278EC}.Debug|Any CPU.Build.0 = Debug|Any CPU
		{2D109A47-000B-4128-94C0-2F450C7278EC}.Release|Any CPU.ActiveCfg = Release|Any CPU
		{2D109A47-000B-4128-94C0-2F450C7278EC}.Release|Any CPU.Build.0 = Release|Any CPU
		{8283BF1F-8CB2-4627-B51D-ED7C8C067301}.Debug|Any CPU.ActiveCfg = Debug|Any CPU
		{8283BF1F-8CB2-4627-B51D-ED7C8C067301}.Debug|Any CPU.Build.0 = Debug|Any CPU
		{8283BF1F-8CB2-4627-B51D-ED7C8C067301}.Release|Any CPU.ActiveCfg = Release|Any CPU
		{8283BF1F-8CB2-4627-B51D-ED7C8C067301}.Release|Any CPU.Build.0 = Release|Any CPU
		{C6E7844D-D64B-4B36-BE17-2B419A48D42B}.Debug|Any CPU.ActiveCfg = Debug|Any CPU
		{C6E7844D-D64B-4B36-BE17-2B419A48D42B}.Debug|Any CPU.Build.0 = Debug|Any CPU
		{C6E7844D-D64B-4B36-BE17-2B419A48D42B}.Release|Any CPU.ActiveCfg = Release|Any CPU
		{C6E7844D-D64B-4B36-BE17-2B419A48D42B}.Release|Any CPU.Build.0 = Release|Any CPU
		{25C26B95-543E-469F-9436-C19746BD1839}.Debug|Any CPU.ActiveCfg = Debug|Any CPU
		{25C26B95-543E-469F-9436-C19746BD1839}.Debug|Any CPU.Build.0 = Debug|Any CPU
		{25C26B95-543E-469F-9436-C19746BD1839}.Release|Any CPU.ActiveCfg = Release|Any CPU
		{25C26B95-543E-469F-9436-C19746BD1839}.Release|Any CPU.Build.0 = Release|Any CPU
		{6CCD2181-A48D-4202-899C-9E11B1E09462}.Debug|Any CPU.ActiveCfg = Debug|Any CPU
		{6CCD2181-A48D-4202-899C-9E11B1E09462}.Debug|Any CPU.Build.0 = Debug|Any CPU
		{6CCD2181-A48D-4202-899C-9E11B1E09462}.Release|Any CPU.ActiveCfg = Release|Any CPU
		{6CCD2181-A48D-4202-899C-9E11B1E09462}.Release|Any CPU.Build.0 = Release|Any CPU
		{1DE5966F-0165-4A65-A5CD-9873E5E9BB40}.Debug|Any CPU.ActiveCfg = Debug|Any CPU
		{1DE5966F-0165-4A65-A5CD-9873E5E9BB40}.Debug|Any CPU.Build.0 = Debug|Any CPU
		{1DE5966F-0165-4A65-A5CD-9873E5E9BB40}.Release|Any CPU.ActiveCfg = Release|Any CPU
		{1DE5966F-0165-4A65-A5CD-9873E5E9BB40}.Release|Any CPU.Build.0 = Release|Any CPU
		{29E2D70E-1066-4F2E-83AD-9336C5E74B39}.Debug|Any CPU.ActiveCfg = Debug|Any CPU
		{29E2D70E-1066-4F2E-83AD-9336C5E74B39}.Debug|Any CPU.Build.0 = Debug|Any CPU
		{29E2D70E-1066-4F2E-83AD-9336C5E74B39}.Release|Any CPU.ActiveCfg = Release|Any CPU
		{29E2D70E-1066-4F2E-83AD-9336C5E74B39}.Release|Any CPU.Build.0 = Release|Any CPU
		{8CD456E0-F1D0-484A-B324-F0C0ED0E3E82}.Debug|Any CPU.ActiveCfg = Debug|Any CPU
		{8CD456E0-F1D0-484A-B324-F0C0ED0E3E82}.Debug|Any CPU.Build.0 = Debug|Any CPU
		{8CD456E0-F1D0-484A-B324-F0C0ED0E3E82}.Release|Any CPU.ActiveCfg = Release|Any CPU
		{8CD456E0-F1D0-484A-B324-F0C0ED0E3E82}.Release|Any CPU.Build.0 = Release|Any CPU
		{39A828F1-7B43-488B-9777-9430AD8E46D6}.Debug|Any CPU.ActiveCfg = Debug|Any CPU
		{39A828F1-7B43-488B-9777-9430AD8E46D6}.Debug|Any CPU.Build.0 = Debug|Any CPU
		{39A828F1-7B43-488B-9777-9430AD8E46D6}.Release|Any CPU.ActiveCfg = Release|Any CPU
		{39A828F1-7B43-488B-9777-9430AD8E46D6}.Release|Any CPU.Build.0 = Release|Any CPU
		{CBFC2EB4-977E-4DE0-9200-4194BCD10247}.Debug|Any CPU.ActiveCfg = Debug|Any CPU
		{CBFC2EB4-977E-4DE0-9200-4194BCD10247}.Debug|Any CPU.Build.0 = Debug|Any CPU
		{CBFC2EB4-977E-4DE0-9200-4194BCD10247}.Release|Any CPU.ActiveCfg = Release|Any CPU
		{CBFC2EB4-977E-4DE0-9200-4194BCD10247}.Release|Any CPU.Build.0 = Release|Any CPU
		{B4AE6284-84BE-4684-8747-3B64B8457416}.Debug|Any CPU.ActiveCfg = Debug|Any CPU
		{B4AE6284-84BE-4684-8747-3B64B8457416}.Debug|Any CPU.Build.0 = Debug|Any CPU
		{B4AE6284-84BE-4684-8747-3B64B8457416}.Release|Any CPU.ActiveCfg = Release|Any CPU
		{B4AE6284-84BE-4684-8747-3B64B8457416}.Release|Any CPU.Build.0 = Release|Any CPU
		{1AD55C77-88A8-4D6C-A28C-658D01DA1843}.Debug|Any CPU.ActiveCfg = Debug|Any CPU
		{1AD55C77-88A8-4D6C-A28C-658D01DA1843}.Debug|Any CPU.Build.0 = Debug|Any CPU
		{1AD55C77-88A8-4D6C-A28C-658D01DA1843}.Release|Any CPU.ActiveCfg = Release|Any CPU
		{1AD55C77-88A8-4D6C-A28C-658D01DA1843}.Release|Any CPU.Build.0 = Release|Any CPU
	EndGlobalSection
EndGlobal
